{
  "name": "chatcolaborativo",
  "version": "1.0.0",
  "lockfileVersion": 3,
  "requires": true,
  "packages": {
    "": {
      "name": "chatcolaborativo",
      "version": "1.0.0",
      "license": "ISC",
      "dependencies": {
        "express": "^5.2.1",
        "sqlite3": "^6.0.1",
        "ws": "^8.20.0"
      }
    }
}
}
